
Microsoft Visual Studio Solution File, Format Version 12.00
# Visual Studio 2013
VisualStudioVersion = 12.0.21005.1
MinimumVisualStudioVersion = 10.0.40219.1
Project("{FAE04EC0-301F-11D3-BF4B-00C04F79EFBC}") = "02.DivisionRemainder", "DivisionRemainder\02.DivisionRemainder.csproj", "{BB2D9A15-90C9-4587-938F-4A07B643D1D7}"
EndProject
Project("{FAE04EC0-301F-11D3-BF4B-00C04F79EFBC}") = "01.OddOrEven", "OddOrEven\01.OddOrEven.csproj", "{897BED07-2E8F-4BF4-B98F-06EFD4F3F52C}"
EndProject
Project("{FAE04EC0-301F-11D3-BF4B-00C04F79EFBC}") = "03.RectangleArea", "RectangleArea\03.RectangleArea.csproj", "{5A4483C9-581E-402F-9783-89673D10D423}"
EndProject
Project("{FAE04EC0-301F-11D3-BF4B-00C04F79EFBC}") = "04.ThirdDigitCheck", "ThirdDigitCheck\04.ThirdDigitCheck.csproj", "{5C4DBDEE-CDB3-441A-BA39-67A4D6DD4682}"
EndProject
Project("{FAE04EC0-301F-11D3-BF4B-00C04F79EFBC}") = "05.TheThirdBit", "TheThirdBit\05.TheThirdBit.csproj", "{BEE974ED-4CCF-4078-B11B-58A5587D75AB}"
EndProject
Project("{FAE04EC0-301F-11D3-BF4B-00C04F79EFBC}") = "06.WithinTheCircle", "WithinTheCircle\06.WithinTheCircle.csproj", "{CEBEFC09-EAFA-48BE-A6E0-81A0CAD3743C}"
EndProject
Project("{FAE04EC0-301F-11D3-BF4B-00C04F79EFBC}") = "07.IsItPrime", "IsItPrime\07.IsItPrime.csproj", "{BE214E7F-C7B0-40DE-8C8B-DBC311866819}"
EndProject
Project("{FAE04EC0-301F-11D3-BF4B-00C04F79EFBC}") = "08.TrapezoidArea", "TrapezoidArea\08.TrapezoidArea.csproj", "{B2AA14F0-60ED-42F2-AABC-032D2776DE6F}"
EndProject
Project("{FAE04EC0-301F-11D3-BF4B-00C04F79EFBC}") = "09.CircleAndRectangle", "CircleAndRectangle\09.CircleAndRectangle.csproj", "{472C0D76-E87C-43B1-99FC-8A0C1F4F1703}"
EndProject
Project("{FAE04EC0-301F-11D3-BF4B-00C04F79EFBC}") = "10.IsItOne", "IsItOne\10.IsItOne.csproj", "{1D409E7B-4887-4154-A8DF-1F0ECE3D0FEE}"
EndProject
Project("{FAE04EC0-301F-11D3-BF4B-00C04F79EFBC}") = "11.BitExtraction", "BitExtraction\11.BitExtraction.csproj", "{D904B52F-6A91-4FFA-BC3A-EE759CC8865B}"
EndProject
Project("{FAE04EC0-301F-11D3-BF4B-00C04F79EFBC}") = "12.BitModifier", "BitModifier\12.BitModifier.csproj", "{EE251673-80D4-4B6C-8252-73540EE3F6F4}"
EndProject
Project("{FAE04EC0-301F-11D3-BF4B-00C04F79EFBC}") = "13.BitExchange", "BitExchange\13.BitExchange.csproj", "{C9671459-D03A-48BF-B830-46DB798C7C8F}"
EndProject
Global
	GlobalSection(SolutionConfigurationPlatforms) = preSolution
		Debug|Any CPU = Debug|Any CPU
		Debug|Mixed Platforms = Debug|Mixed Platforms
		Debug|x86 = Debug|x86
		Release|Any CPU = Release|Any CPU
		Release|Mixed Platforms = Release|Mixed Platforms
		Release|x86 = Release|x86
	EndGlobalSection
	GlobalSection(ProjectConfigurationPlatforms) = postSolution
		{BB2D9A15-90C9-4587-938F-4A07B643D1D7}.Debug|Any CPU.ActiveCfg = Debug|x86
		{BB2D9A15-90C9-4587-938F-4A07B643D1D7}.Debug|Mixed Platforms.ActiveCfg = Debug|x86
		{BB2D9A15-90C9-4587-938F-4A07B643D1D7}.Debug|Mixed Platforms.Build.0 = Debug|x86
		{BB2D9A15-90C9-4587-938F-4A07B643D1D7}.Debug|x86.ActiveCfg = Debug|x86
		{BB2D9A15-90C9-4587-938F-4A07B643D1D7}.Debug|x86.Build.0 = Debug|x86
		{BB2D9A15-90C9-4587-938F-4A07B643D1D7}.Release|Any CPU.ActiveCfg = Release|x86
		{BB2D9A15-90C9-4587-938F-4A07B643D1D7}.Release|Mixed Platforms.ActiveCfg = Release|x86
		{BB2D9A15-90C9-4587-938F-4A07B643D1D7}.Release|Mixed Platforms.Build.0 = Release|x86
		{BB2D9A15-90C9-4587-938F-4A07B643D1D7}.Release|x86.ActiveCfg = Release|x86
		{BB2D9A15-90C9-4587-938F-4A07B643D1D7}.Release|x86.Build.0 = Release|x86
		{897BED07-2E8F-4BF4-B98F-06EFD4F3F52C}.Debug|Any CPU.ActiveCfg = Debug|x86
		{897BED07-2E8F-4BF4-B98F-06EFD4F3F52C}.Debug|Mixed Platforms.ActiveCfg = Debug|x86
		{897BED07-2E8F-4BF4-B98F-06EFD4F3F52C}.Debug|Mixed Platforms.Build.0 = Debug|x86
		{897BED07-2E8F-4BF4-B98F-06EFD4F3F52C}.Debug|x86.ActiveCfg = Debug|x86
		{897BED07-2E8F-4BF4-B98F-06EFD4F3F52C}.Debug|x86.Build.0 = Debug|x86
		{897BED07-2E8F-4BF4-B98F-06EFD4F3F52C}.Release|Any CPU.ActiveCfg = Release|x86
		{897BED07-2E8F-4BF4-B98F-06EFD4F3F52C}.Release|Mixed Platforms.ActiveCfg = Release|x86
		{897BED07-2E8F-4BF4-B98F-06EFD4F3F52C}.Release|Mixed Platforms.Build.0 = Release|x86
		{897BED07-2E8F-4BF4-B98F-06EFD4F3F52C}.Release|x86.ActiveCfg = Release|x86
		{897BED07-2E8F-4BF4-B98F-06EFD4F3F52C}.Release|x86.Build.0 = Release|x86
		{5A4483C9-581E-402F-9783-89673D10D423}.Debug|Any CPU.ActiveCfg = Debug|x86
		{5A4483C9-581E-402F-9783-89673D10D423}.Debug|Mixed Platforms.ActiveCfg = Debug|x86
		{5A4483C9-581E-402F-9783-89673D10D423}.Debug|Mixed Platforms.Build.0 = Debug|x86
		{5A4483C9-581E-402F-9783-89673D10D423}.Debug|x86.ActiveCfg = Debug|x86
		{5A4483C9-581E-402F-9783-89673D10D423}.Debug|x86.Build.0 = Debug|x86
		{5A4483C9-581E-402F-9783-89673D10D423}.Release|Any CPU.ActiveCfg = Release|x86
		{5A4483C9-581E-402F-9783-89673D10D423}.Release|Mixed Platforms.ActiveCfg = Release|x86
		{5A4483C9-581E-402F-9783-89673D10D423}.Release|Mixed Platforms.Build.0 = Release|x86
		{5A4483C9-581E-402F-9783-89673D10D423}.Release|x86.ActiveCfg = Release|x86
		{5A4483C9-581E-402F-9783-89673D10D423}.Release|x86.Build.0 = Release|x86
		{5C4DBDEE-CDB3-441A-BA39-67A4D6DD4682}.Debug|Any CPU.ActiveCfg = Debug|x86
		{5C4DBDEE-CDB3-441A-BA39-67A4D6DD4682}.Debug|Mixed Platforms.ActiveCfg = Debug|x86
		{5C4DBDEE-CDB3-441A-BA39-67A4D6DD4682}.Debug|Mixed Platforms.Build.0 = Debug|x86
		{5C4DBDEE-CDB3-441A-BA39-67A4D6DD4682}.Debug|x86.ActiveCfg = Debug|x86
		{5C4DBDEE-CDB3-441A-BA39-67A4D6DD4682}.Debug|x86.Build.0 = Debug|x86
		{5C4DBDEE-CDB3-441A-BA39-67A4D6DD4682}.Release|Any CPU.ActiveCfg = Release|x86
		{5C4DBDEE-CDB3-441A-BA39-67A4D6DD4682}.Release|Mixed Platforms.ActiveCfg = Release|x86
		{5C4DBDEE-CDB3-441A-BA39-67A4D6DD4682}.Release|Mixed Platforms.Build.0 = Release|x86
		{5C4DBDEE-CDB3-441A-BA39-67A4D6DD4682}.Release|x86.ActiveCfg = Release|x86
		{5C4DBDEE-CDB3-441A-BA39-67A4D6DD4682}.Release|x86.Build.0 = Release|x86
		{BEE974ED-4CCF-4078-B11B-58A5587D75AB}.Debug|Any CPU.ActiveCfg = Debug|x86
		{BEE974ED-4CCF-4078-B11B-58A5587D75AB}.Debug|Mixed Platforms.ActiveCfg = Debug|x86
		{BEE974ED-4CCF-4078-B11B-58A5587D75AB}.Debug|Mixed Platforms.Build.0 = Debug|x86
		{BEE974ED-4CCF-4078-B11B-58A5587D75AB}.Debug|x86.ActiveCfg = Debug|x86
		{BEE974ED-4CCF-4078-B11B-58A5587D75AB}.Debug|x86.Build.0 = Debug|x86
		{BEE974ED-4CCF-4078-B11B-58A5587D75AB}.Release|Any CPU.ActiveCfg = Release|x86
		{BEE974ED-4CCF-4078-B11B-58A5587D75AB}.Release|Mixed Platforms.ActiveCfg = Release|x86
		{BEE974ED-4CCF-4078-B11B-58A5587D75AB}.Release|Mixed Platforms.Build.0 = Release|x86
		{BEE974ED-4CCF-4078-B11B-58A5587D75AB}.Release|x86.ActiveCfg = Release|x86
		{BEE974ED-4CCF-4078-B11B-58A5587D75AB}.Release|x86.Build.0 = Release|x86
		{CEBEFC09-EAFA-48BE-A6E0-81A0CAD3743C}.Debug|Any CPU.ActiveCfg = Debug|x86
		{CEBEFC09-EAFA-48BE-A6E0-81A0CAD3743C}.Debug|Mixed Platforms.ActiveCfg = Debug|x86
		{CEBEFC09-EAFA-48BE-A6E0-81A0CAD3743C}.Debug|Mixed Platforms.Build.0 = Debug|x86
		{CEBEFC09-EAFA-48BE-A6E0-81A0CAD3743C}.Debug|x86.ActiveCfg = Debug|x86
		{CEBEFC09-EAFA-48BE-A6E0-81A0CAD3743C}.Debug|x86.Build.0 = Debug|x86
		{CEBEFC09-EAFA-48BE-A6E0-81A0CAD3743C}.Release|Any CPU.ActiveCfg = Release|x86
		{CEBEFC09-EAFA-48BE-A6E0-81A0CAD3743C}.Release|Mixed Platforms.ActiveCfg = Release|x86
		{CEBEFC09-EAFA-48BE-A6E0-81A0CAD3743C}.Release|Mixed Platforms.Build.0 = Release|x86
		{CEBEFC09-EAFA-48BE-A6E0-81A0CAD3743C}.Release|x86.ActiveCfg = Release|x86
		{CEBEFC09-EAFA-48BE-A6E0-81A0CAD3743C}.Release|x86.Build.0 = Release|x86
		{BE214E7F-C7B0-40DE-8C8B-DBC311866819}.Debug|Any CPU.ActiveCfg = Debug|x86
		{BE214E7F-C7B0-40DE-8C8B-DBC311866819}.Debug|Mixed Platforms.ActiveCfg = Debug|x86
		{BE214E7F-C7B0-40DE-8C8B-DBC311866819}.Debug|Mixed Platforms.Build.0 = Debug|x86
		{BE214E7F-C7B0-40DE-8C8B-DBC311866819}.Debug|x86.ActiveCfg = Debug|x86
		{BE214E7F-C7B0-40DE-8C8B-DBC311866819}.Debug|x86.Build.0 = Debug|x86
		{BE214E7F-C7B0-40DE-8C8B-DBC311866819}.Release|Any CPU.ActiveCfg = Release|x86
		{BE214E7F-C7B0-40DE-8C8B-DBC311866819}.Release|Mixed Platforms.ActiveCfg = Release|x86
		{BE214E7F-C7B0-40DE-8C8B-DBC311866819}.Release|Mixed Platforms.Build.0 = Release|x86
		{BE214E7F-C7B0-40DE-8C8B-DBC311866819}.Release|x86.ActiveCfg = Release|x86
		{BE214E7F-C7B0-40DE-8C8B-DBC311866819}.Release|x86.Build.0 = Release|x86
		{B2AA14F0-60ED-42F2-AABC-032D2776DE6F}.Debug|Any CPU.ActiveCfg = Debug|x86
		{B2AA14F0-60ED-42F2-AABC-032D2776DE6F}.Debug|Mixed Platforms.ActiveCfg = Debug|x86
		{B2AA14F0-60ED-42F2-AABC-032D2776DE6F}.Debug|Mixed Platforms.Build.0 = Debug|x86
		{B2AA14F0-60ED-42F2-AABC-032D2776DE6F}.Debug|x86.ActiveCfg = Debug|x86
		{B2AA14F0-60ED-42F2-AABC-032D2776DE6F}.Debug|x86.Build.0 = Debug|x86
		{B2AA14F0-60ED-42F2-AABC-032D2776DE6F}.Release|Any CPU.ActiveCfg = Release|x86
		{B2AA14F0-60ED-42F2-AABC-032D2776DE6F}.Release|Mixed Platforms.ActiveCfg = Release|x86
		{B2AA14F0-60ED-42F2-AABC-032D2776DE6F}.Release|Mixed Platforms.Build.0 = Release|x86
		{B2AA14F0-60ED-42F2-AABC-032D2776DE6F}.Release|x86.ActiveCfg = Release|x86
		{B2AA14F0-60ED-42F2-AABC-032D2776DE6F}.Release|x86.Build.0 = Release|x86
		{472C0D76-E87C-43B1-99FC-8A0C1F4F1703}.Debug|Any CPU.ActiveCfg = Debug|x86
		{472C0D76-E87C-43B1-99FC-8A0C1F4F1703}.Debug|Mixed Platforms.ActiveCfg = Debug|x86
		{472C0D76-E87C-43B1-99FC-8A0C1F4F1703}.Debug|Mixed Platforms.Build.0 = Debug|x86
		{472C0D76-E87C-43B1-99FC-8A0C1F4F1703}.Debug|x86.ActiveCfg = Debug|x86
		{472C0D76-E87C-43B1-99FC-8A0C1F4F1703}.Debug|x86.Build.0 = Debug|x86
		{472C0D76-E87C-43B1-99FC-8A0C1F4F1703}.Release|Any CPU.ActiveCfg = Release|x86
		{472C0D76-E87C-43B1-99FC-8A0C1F4F1703}.Release|Mixed Platforms.ActiveCfg = Release|x86
		{472C0D76-E87C-43B1-99FC-8A0C1F4F1703}.Release|Mixed Platforms.Build.0 = Release|x86
		{472C0D76-E87C-43B1-99FC-8A0C1F4F1703}.Release|x86.ActiveCfg = Release|x86
		{472C0D76-E87C-43B1-99FC-8A0C1F4F1703}.Release|x86.Build.0 = Release|x86
		{1D409E7B-4887-4154-A8DF-1F0ECE3D0FEE}.Debug|Any CPU.ActiveCfg = Debug|x86
		{1D409E7B-4887-4154-A8DF-1F0ECE3D0FEE}.Debug|Mixed Platforms.ActiveCfg = Debug|x86
		{1D409E7B-4887-4154-A8DF-1F0ECE3D0FEE}.Debug|Mixed Platforms.Build.0 = Debug|x86
		{1D409E7B-4887-4154-A8DF-1F0ECE3D0FEE}.Debug|x86.ActiveCfg = Debug|x86
		{1D409E7B-4887-4154-A8DF-1F0ECE3D0FEE}.Debug|x86.Build.0 = Debug|x86
		{1D409E7B-4887-4154-A8DF-1F0ECE3D0FEE}.Release|Any CPU.ActiveCfg = Release|x86
		{1D409E7B-4887-4154-A8DF-1F0ECE3D0FEE}.Release|Mixed Platforms.ActiveCfg = Release|x86
		{1D409E7B-4887-4154-A8DF-1F0ECE3D0FEE}.Release|Mixed Platforms.Build.0 = Release|x86
		{1D409E7B-4887-4154-A8DF-1F0ECE3D0FEE}.Release|x86.ActiveCfg = Release|x86
		{1D409E7B-4887-4154-A8DF-1F0ECE3D0FEE}.Release|x86.Build.0 = Release|x86
		{D904B52F-6A91-4FFA-BC3A-EE759CC8865B}.Debug|Any CPU.ActiveCfg = Debug|Any CPU
		{D904B52F-6A91-4FFA-BC3A-EE759CC8865B}.Debug|Any CPU.Build.0 = Debug|Any CPU
		{D904B52F-6A91-4FFA-BC3A-EE759CC8865B}.Debug|Mixed Platforms.ActiveCfg = Debug|Any CPU
		{D904B52F-6A91-4FFA-BC3A-EE759CC8865B}.Debug|Mixed Platforms.Build.0 = Debug|Any CPU
		{D904B52F-6A91-4FFA-BC3A-EE759CC8865B}.Debug|x86.ActiveCfg = Debug|Any CPU
		{D904B52F-6A91-4FFA-BC3A-EE759CC8865B}.Release|Any CPU.ActiveCfg = Release|Any CPU
		{D904B52F-6A91-4FFA-BC3A-EE759CC8865B}.Release|Any CPU.Build.0 = Release|Any CPU
		{D904B52F-6A91-4FFA-BC3A-EE759CC8865B}.Release|Mixed Platforms.ActiveCfg = Release|Any CPU
		{D904B52F-6A91-4FFA-BC3A-EE759CC8865B}.Release|Mixed Platforms.Build.0 = Release|Any CPU
		{D904B52F-6A91-4FFA-BC3A-EE759CC8865B}.Release|x86.ActiveCfg = Release|Any CPU
		{EE251673-80D4-4B6C-8252-73540EE3F6F4}.Debug|Any CPU.ActiveCfg = Debug|Any CPU
		{EE251673-80D4-4B6C-8252-73540EE3F6F4}.Debug|Any CPU.Build.0 = Debug|Any CPU
		{EE251673-80D4-4B6C-8252-73540EE3F6F4}.Debug|Mixed Platforms.ActiveCfg = Debug|Any CPU
		{EE251673-80D4-4B6C-8252-73540EE3F6F4}.Debug|Mixed Platforms.Build.0 = Debug|Any CPU
		{EE251673-80D4-4B6C-8252-73540EE3F6F4}.Debug|x86.ActiveCfg = Debug|Any CPU
		{EE251673-80D4-4B6C-8252-73540EE3F6F4}.Release|Any CPU.ActiveCfg = Release|Any CPU
		{EE251673-80D4-4B6C-8252-73540EE3F6F4}.Release|Any CPU.Build.0 = Release|Any CPU
		{EE251673-80D4-4B6C-8252-73540EE3F6F4}.Release|Mixed Platforms.ActiveCfg = Release|Any CPU
		{EE251673-80D4-4B6C-8252-73540EE3F6F4}.Release|Mixed Platforms.Build.0 = Release|Any CPU
		{EE251673-80D4-4B6C-8252-73540EE3F6F4}.Release|x86.ActiveCfg = Release|Any CPU
		{C9671459-D03A-48BF-B830-46DB798C7C8F}.Debug|Any CPU.ActiveCfg = Debug|Any CPU
		{C9671459-D03A-48BF-B830-46DB798C7C8F}.Debug|Any CPU.Build.0 = Debug|Any CPU
		{C9671459-D03A-48BF-B830-46DB798C7C8F}.Debug|Mixed Platforms.ActiveCfg = Debug|Any CPU
		{C9671459-D03A-48BF-B830-46DB798C7C8F}.Debug|Mixed Platforms.Build.0 = Debug|Any CPU
		{C9671459-D03A-48BF-B830-46DB798C7C8F}.Debug|x86.ActiveCfg = Debug|Any CPU
		{C9671459-D03A-48BF-B830-46DB798C7C8F}.Release|Any CPU.ActiveCfg = Release|Any CPU
		{C9671459-D03A-48BF-B830-46DB798C7C8F}.Release|Any CPU.Build.0 = Release|Any CPU
		{C9671459-D03A-48BF-B830-46DB798C7C8F}.Release|Mixed Platforms.ActiveCfg = Release|Any CPU
		{C9671459-D03A-48BF-B830-46DB798C7C8F}.Release|Mixed Platforms.Build.0 = Release|Any CPU
		{C9671459-D03A-48BF-B830-46DB798C7C8F}.Release|x86.ActiveCfg = Release|Any CPU
	EndGlobalSection
	GlobalSection(SolutionProperties) = preSolution
		HideSolutionNode = FALSE
	EndGlobalSection
EndGlobal
