
Microsoft Visual Studio Solution File, Format Version 12.00
# Visual Studio 2013
VisualStudioVersion = 12.0.21005.1
MinimumVisualStudioVersion = 10.0.40219.1
Project("{FAE04EC0-301F-11D3-BF4B-00C04F79EFBC}") = "01.IsItLeapYear", "01.IsItLeapYear\01.IsItLeapYear.csproj", "{E6A0060C-538E-4965-A5B8-899457AF94F9}"
EndProject
Project("{FAE04EC0-301F-11D3-BF4B-00C04F79EFBC}") = "02.RandomNumbers", "02.RandomNumbers\02.RandomNumbers.csproj", "{EC93BBBE-A9D5-4F8F-8C04-5A793AA1C928}"
EndProject
Project("{FAE04EC0-301F-11D3-BF4B-00C04F79EFBC}") = "03.WhatDayIsToday", "03.WhatDayIsToday\03.WhatDayIsToday.csproj", "{4FC306D9-EEEA-4431-8B08-35B44CA45CFA}"
EndProject
Project("{FAE04EC0-301F-11D3-BF4B-00C04F79EFBC}") = "04.TriangleSurface", "04.TriangleSurface\04.TriangleSurface.csproj", "{AB5D978B-A13D-4649-88B0-B2B564DBCC1D}"
EndProject
Project("{FAE04EC0-301F-11D3-BF4B-00C04F79EFBC}") = "05.WorkdaysBetweenDates", "05.WorkdaysBetweenDates\05.WorkdaysBetweenDates.csproj", "{4ED5B5DB-519F-40D4-A170-C4E78886236D}"
EndProject
Project("{FAE04EC0-301F-11D3-BF4B-00C04F79EFBC}") = "06.SequenceIntegersSum", "06.SequenceIntegersSum\06.SequenceIntegersSum.csproj", "{17A43C89-5045-440F-AAFB-D4B357D4D107}"
EndProject
Global
	GlobalSection(SolutionConfigurationPlatforms) = preSolution
		Debug|Any CPU = Debug|Any CPU
		Debug|Mixed Platforms = Debug|Mixed Platforms
		Debug|x86 = Debug|x86
		Release|Any CPU = Release|Any CPU
		Release|Mixed Platforms = Release|Mixed Platforms
		Release|x86 = Release|x86
	EndGlobalSection
	GlobalSection(ProjectConfigurationPlatforms) = postSolution
		{E6A0060C-538E-4965-A5B8-899457AF94F9}.Debug|Any CPU.ActiveCfg = Debug|x86
		{E6A0060C-538E-4965-A5B8-899457AF94F9}.Debug|Mixed Platforms.ActiveCfg = Debug|x86
		{E6A0060C-538E-4965-A5B8-899457AF94F9}.Debug|Mixed Platforms.Build.0 = Debug|x86
		{E6A0060C-538E-4965-A5B8-899457AF94F9}.Debug|x86.ActiveCfg = Debug|x86
		{E6A0060C-538E-4965-A5B8-899457AF94F9}.Debug|x86.Build.0 = Debug|x86
		{E6A0060C-538E-4965-A5B8-899457AF94F9}.Release|Any CPU.ActiveCfg = Release|x86
		{E6A0060C-538E-4965-A5B8-899457AF94F9}.Release|Mixed Platforms.ActiveCfg = Release|x86
		{E6A0060C-538E-4965-A5B8-899457AF94F9}.Release|Mixed Platforms.Build.0 = Release|x86
		{E6A0060C-538E-4965-A5B8-899457AF94F9}.Release|x86.ActiveCfg = Release|x86
		{E6A0060C-538E-4965-A5B8-899457AF94F9}.Release|x86.Build.0 = Release|x86
		{EC93BBBE-A9D5-4F8F-8C04-5A793AA1C928}.Debug|Any CPU.ActiveCfg = Debug|x86
		{EC93BBBE-A9D5-4F8F-8C04-5A793AA1C928}.Debug|Mixed Platforms.ActiveCfg = Debug|x86
		{EC93BBBE-A9D5-4F8F-8C04-5A793AA1C928}.Debug|Mixed Platforms.Build.0 = Debug|x86
		{EC93BBBE-A9D5-4F8F-8C04-5A793AA1C928}.Debug|x86.ActiveCfg = Debug|x86
		{EC93BBBE-A9D5-4F8F-8C04-5A793AA1C928}.Debug|x86.Build.0 = Debug|x86
		{EC93BBBE-A9D5-4F8F-8C04-5A793AA1C928}.Release|Any CPU.ActiveCfg = Release|x86
		{EC93BBBE-A9D5-4F8F-8C04-5A793AA1C928}.Release|Mixed Platforms.ActiveCfg = Release|x86
		{EC93BBBE-A9D5-4F8F-8C04-5A793AA1C928}.Release|Mixed Platforms.Build.0 = Release|x86
		{EC93BBBE-A9D5-4F8F-8C04-5A793AA1C928}.Release|x86.ActiveCfg = Release|x86
		{EC93BBBE-A9D5-4F8F-8C04-5A793AA1C928}.Release|x86.Build.0 = Release|x86
		{4FC306D9-EEEA-4431-8B08-35B44CA45CFA}.Debug|Any CPU.ActiveCfg = Debug|x86
		{4FC306D9-EEEA-4431-8B08-35B44CA45CFA}.Debug|Mixed Platforms.ActiveCfg = Debug|x86
		{4FC306D9-EEEA-4431-8B08-35B44CA45CFA}.Debug|Mixed Platforms.Build.0 = Debug|x86
		{4FC306D9-EEEA-4431-8B08-35B44CA45CFA}.Debug|x86.ActiveCfg = Debug|x86
		{4FC306D9-EEEA-4431-8B08-35B44CA45CFA}.Debug|x86.Build.0 = Debug|x86
		{4FC306D9-EEEA-4431-8B08-35B44CA45CFA}.Release|Any CPU.ActiveCfg = Release|x86
		{4FC306D9-EEEA-4431-8B08-35B44CA45CFA}.Release|Mixed Platforms.ActiveCfg = Release|x86
		{4FC306D9-EEEA-4431-8B08-35B44CA45CFA}.Release|Mixed Platforms.Build.0 = Release|x86
		{4FC306D9-EEEA-4431-8B08-35B44CA45CFA}.Release|x86.ActiveCfg = Release|x86
		{4FC306D9-EEEA-4431-8B08-35B44CA45CFA}.Release|x86.Build.0 = Release|x86
		{AB5D978B-A13D-4649-88B0-B2B564DBCC1D}.Debug|Any CPU.ActiveCfg = Debug|x86
		{AB5D978B-A13D-4649-88B0-B2B564DBCC1D}.Debug|Mixed Platforms.ActiveCfg = Debug|x86
		{AB5D978B-A13D-4649-88B0-B2B564DBCC1D}.Debug|Mixed Platforms.Build.0 = Debug|x86
		{AB5D978B-A13D-4649-88B0-B2B564DBCC1D}.Debug|x86.ActiveCfg = Debug|x86
		{AB5D978B-A13D-4649-88B0-B2B564DBCC1D}.Debug|x86.Build.0 = Debug|x86
		{AB5D978B-A13D-4649-88B0-B2B564DBCC1D}.Release|Any CPU.ActiveCfg = Release|x86
		{AB5D978B-A13D-4649-88B0-B2B564DBCC1D}.Release|Mixed Platforms.ActiveCfg = Release|x86
		{AB5D978B-A13D-4649-88B0-B2B564DBCC1D}.Release|Mixed Platforms.Build.0 = Release|x86
		{AB5D978B-A13D-4649-88B0-B2B564DBCC1D}.Release|x86.ActiveCfg = Release|x86
		{AB5D978B-A13D-4649-88B0-B2B564DBCC1D}.Release|x86.Build.0 = Release|x86
		{4ED5B5DB-519F-40D4-A170-C4E78886236D}.Debug|Any CPU.ActiveCfg = Debug|Any CPU
		{4ED5B5DB-519F-40D4-A170-C4E78886236D}.Debug|Any CPU.Build.0 = Debug|Any CPU
		{4ED5B5DB-519F-40D4-A170-C4E78886236D}.Debug|Mixed Platforms.ActiveCfg = Debug|Any CPU
		{4ED5B5DB-519F-40D4-A170-C4E78886236D}.Debug|Mixed Platforms.Build.0 = Debug|Any CPU
		{4ED5B5DB-519F-40D4-A170-C4E78886236D}.Debug|x86.ActiveCfg = Debug|Any CPU
		{4ED5B5DB-519F-40D4-A170-C4E78886236D}.Release|Any CPU.ActiveCfg = Release|Any CPU
		{4ED5B5DB-519F-40D4-A170-C4E78886236D}.Release|Any CPU.Build.0 = Release|Any CPU
		{4ED5B5DB-519F-40D4-A170-C4E78886236D}.Release|Mixed Platforms.ActiveCfg = Release|Any CPU
		{4ED5B5DB-519F-40D4-A170-C4E78886236D}.Release|Mixed Platforms.Build.0 = Release|Any CPU
		{4ED5B5DB-519F-40D4-A170-C4E78886236D}.Release|x86.ActiveCfg = Release|Any CPU
		{17A43C89-5045-440F-AAFB-D4B357D4D107}.Debug|Any CPU.ActiveCfg = Debug|Any CPU
		{17A43C89-5045-440F-AAFB-D4B357D4D107}.Debug|Any CPU.Build.0 = Debug|Any CPU
		{17A43C89-5045-440F-AAFB-D4B357D4D107}.Debug|Mixed Platforms.ActiveCfg = Debug|Any CPU
		{17A43C89-5045-440F-AAFB-D4B357D4D107}.Debug|Mixed Platforms.Build.0 = Debug|Any CPU
		{17A43C89-5045-440F-AAFB-D4B357D4D107}.Debug|x86.ActiveCfg = Debug|Any CPU
		{17A43C89-5045-440F-AAFB-D4B357D4D107}.Release|Any CPU.ActiveCfg = Release|Any CPU
		{17A43C89-5045-440F-AAFB-D4B357D4D107}.Release|Any CPU.Build.0 = Release|Any CPU
		{17A43C89-5045-440F-AAFB-D4B357D4D107}.Release|Mixed Platforms.ActiveCfg = Release|Any CPU
		{17A43C89-5045-440F-AAFB-D4B357D4D107}.Release|Mixed Platforms.Build.0 = Release|Any CPU
		{17A43C89-5045-440F-AAFB-D4B357D4D107}.Release|x86.ActiveCfg = Release|Any CPU
	EndGlobalSection
	GlobalSection(SolutionProperties) = preSolution
		HideSolutionNode = FALSE
	EndGlobalSection
EndGlobal
